{
  "originHash" : "59dfe5c9344db2b997c3b844d4b83a16471c6f24fbabfc237da8802c76ee3076",
  "pins" : [
    {
      "identity" : "purchases-ios",
      "kind" : "remoteSourceControl",
      "location" : "https://github.com/RevenueCat/purchases-ios/",
      "state" : {
        "revision" : "6e23b9f35228839a2264da96f454965568e2ad35",
        "version" : "5.20.1"
      }
    },
    {
      "identity" : "ratingskit",
      "kind" : "remoteSourceControl",
      "location" : "https://github.com/Sedlacek-Solutions/RatingsKit.git",
      "state" : {
        "revision" : "721c0aea2b07cfc08a82a9cbf3d95e5a2b607f3e",
        "version" : "1.1.0"
      }
    },
    {
      "identity" : "swiftui-image-viewer",
      "kind" : "remoteSourceControl",
      "location" : "https://github.com/fuzzzlove/swiftui-image-viewer.git",
      "state" : {
        "revision" : "ca77123064ae046eac2be01654ee756085c2b182",
        "version" : "1.0.0"
      }
    }
  ],
  "version" : 3
}
